
Microsoft Visual Studio Solution File, Format Version 12.00
# Visual Studio Version 17
VisualStudioVersion = 17.10.34928.147
MinimumVisualStudioVersion = 10.0.40219.1
Project("{FAE04EC0-301F-11D3-BF4B-00C04F79EFBC}") = "LINQ to OBJECT", "LINQ to OBJECT.csproj", "{E6011B20-A148-4C21-A7D9-E5A7C19C96EC}"
EndProject
Global
	GlobalSection(SolutionConfigurationPlatforms) = preSolution
		Debug|Any CPU = Debug|Any CPU
		Release|Any CPU = Release|Any CPU
	EndGlobalSection
	GlobalSection(ProjectConfigurationPlatforms) = postSolution
		{E6011B20-A148-4C21-A7D9-E5A7C19C96EC}.Debug|Any CPU.ActiveCfg = Debug|Any CPU
		{E6011B20-A148-4C21-A7D9-E5A7C19C96EC}.Debug|Any CPU.Build.0 = Debug|Any CPU
		{E6011B20-A148-4C21-A7D9-E5A7C19C96EC}.Release|Any CPU.ActiveCfg = Release|Any CPU
		{E6011B20-A148-4C21-A7D9-E5A7C19C96EC}.Release|Any CPU.Build.0 = Release|Any CPU
	EndGlobalSection
	GlobalSection(SolutionProperties) = preSolution
		HideSolutionNode = FALSE
	EndGlobalSection
	GlobalSection(ExtensibilityGlobals) = postSolution
		SolutionGuid = {917A8451-0BC7-4F59-B9F5-65F0B1E77E96}
	EndGlobalSection
EndGlobal
